// !$*UTF8*$!
{
	archiveVersion = 1;
	classes = {
	};
	objectVersion = 48;
	objects = {

/* Begin PBXBuildFile section */
		156952BC20C50ED300FA5EBD /* AppDelegate.swift in Sources */ = {isa = PBXBuildFile; fileRef = 156952BB20C50ED300FA5EBD /* AppDelegate.swift */; };
		156952BE20C50ED300FA5EBD /* ViewController.swift in Sources */ = {isa = PBXBuildFile; fileRef = 156952BD20C50ED300FA5EBD /* ViewController.swift */; };
		156952C320C50ED300FA5EBD /* Assets.xcassets in Resources */ = {isa = PBXBuildFile; fileRef = 156952C220C50ED300FA5EBD /* Assets.xcassets */; };
		156952C620C50ED300FA5EBD /* LaunchScreen.storyboard in Resources */ = {isa = PBXBuildFile; fileRef = 156952C420C50ED300FA5EBD /* LaunchScreen.storyboard */; };
		156952CE20C5AA0F00FA5EBD /* Model.swift in Sources */ = {isa = PBXBuildFile; fileRef = 156952CD20C5AA0F00FA5EBD /* Model.swift */; };
		156952D020C5E36900FA5EBD /* BookCell.swift in Sources */ = {isa = PBXBuildFile; fileRef = 156952CF20C5E36900FA5EBD /* BookCell.swift */; };
		156952D220C62D0900FA5EBD /* BookPagerController.swift in Sources */ = {isa = PBXBuildFile; fileRef = 156952D120C62D0900FA5EBD /* BookPagerController.swift */; };
		156952D420C8697F00FA5EBD /* PageCell.swift in Sources */ = {isa = PBXBuildFile; fileRef = 156952D320C8697F00FA5EBD /* PageCell.swift */; };
/* End PBXBuildFile section */

/* Begin PBXFileReference section */
		156952B820C50ED300FA5EBD /* Kindle.app */ = {isa = PBXFileReference; explicitFileType = wrapper.application; includeInIndex = 0; path = Kindle.app; sourceTree = BUILT_PRODUCTS_DIR; };
		156952BB20C50ED300FA5EBD /* AppDelegate.swift */ = {isa = PBXFileReference; lastKnownFileType = sourcecode.swift; path = AppDelegate.swift; sourceTree = "<group>"; };
		156952BD20C50ED300FA5EBD /* ViewController.swift */ = {isa = PBXFileReference; lastKnownFileType = sourcecode.swift; path = ViewController.swift; sourceTree = "<group>"; };
		156952C220C50ED300FA5EBD /* Assets.xcassets */ = {isa = PBXFileReference; lastKnownFileType = folder.assetcatalog; path = Assets.xcassets; sourceTree = "<group>"; };
		156952C520C50ED300FA5EBD /* Base */ = {isa = PBXFileReference; lastKnownFileType = file.storyboard; name = Base; path = Base.lproj/LaunchScreen.storyboard; sourceTree = "<group>"; };
		156952C720C50ED300FA5EBD /* Info.plist */ = {isa = PBXFileReference; lastKnownFileType = text.plist.xml; path = Info.plist; sourceTree = "<group>"; };
		156952CD20C5AA0F00FA5EBD /* Model.swift */ = {isa = PBXFileReference; lastKnownFileType = sourcecode.swift; path = Model.swift; sourceTree = "<group>"; };
		156952CF20C5E36900FA5EBD /* BookCell.swift */ = {isa = PBXFileReference; lastKnownFileType = sourcecode.swift; path = BookCell.swift; sourceTree = "<group>"; };
		156952D120C62D0900FA5EBD /* BookPagerController.swift */ = {isa = PBXFileReference; lastKnownFileType = sourcecode.swift; path = BookPagerController.swift; sourceTree = "<group>"; };
		156952D320C8697F00FA5EBD /* PageCell.swift */ = {isa = PBXFileReference; lastKnownFileType = sourcecode.swift; path = PageCell.swift; sourceTree = "<group>"; };
/* End PBXFileReference section */

/* Begin PBXFrameworksBuildPhase section */
		156952B520C50ED300FA5EBD /* Frameworks */ = {
			isa = PBXFrameworksBuildPhase;
			buildActionMask = 2147483647;
			files = (
			);
			runOnlyForDeploymentPostprocessing = 0;
		};
/* End PBXFrameworksBuildPhase section */

/* Begin PBXGroup section */
		156952AF20C50ED300FA5EBD = {
			isa = PBXGroup;
			children = (
				156952BA20C50ED300FA5EBD /* Kindle */,
				156952B920C50ED300FA5EBD /* Products */,
			);
			sourceTree = "<group>";
		};
		156952B920C50ED300FA5EBD /* Products */ = {
			isa = PBXGroup;
			children = (
				156952B820C50ED300FA5EBD /* Kindle.app */,
			);
			name = Products;
			sourceTree = "<group>";
		};
		156952BA20C50ED300FA5EBD /* Kindle */ = {
			isa = PBXGroup;
			children = (
				156952BB20C50ED300FA5EBD /* AppDelegate.swift */,
				156952CD20C5AA0F00FA5EBD /* Model.swift */,
				156952D120C62D0900FA5EBD /* BookPagerController.swift */,
				156952CF20C5E36900FA5EBD /* BookCell.swift */,
				156952D320C8697F00FA5EBD /* PageCell.swift */,
				156952BD20C50ED300FA5EBD /* ViewController.swift */,
				156952C220C50ED300FA5EBD /* Assets.xcassets */,
				156952C420C50ED300FA5EBD /* LaunchScreen.storyboard */,
				156952C720C50ED300FA5EBD /* Info.plist */,
			);
			path = Kindle;
			sourceTree = "<group>";
		};
/* End PBXGroup section */

/* Begin PBXNativeTarget section */
		156952B720C50ED300FA5EBD /* Kindle */ = {
			isa = PBXNativeTarget;
			buildConfigurationList = 156952CA20C50ED300FA5EBD /* Build configuration list for PBXNativeTarget "Kindle" */;
			buildPhases = (
				156952B420C50ED300FA5EBD /* Sources */,
				156952B520C50ED300FA5EBD /* Frameworks */,
				156952B620C50ED300FA5EBD /* Resources */,
			);
			buildRules = (
			);
			dependencies = (
			);
			name = Kindle;
			productName = Kindle;
			productReference = 156952B820C50ED300FA5EBD /* Kindle.app */;
			productType = "com.apple.product-type.application";
		};
/* End PBXNativeTarget section */

/* Begin PBXProject section */
		156952B020C50ED300FA5EBD /* Project object */ = {
			isa = PBXProject;
			attributes = {
				LastSwiftUpdateCheck = 0920;
				LastUpgradeCheck = 0920;
				ORGANIZATIONNAME = "Duy Pham";
				TargetAttributes = {
					156952B720C50ED300FA5EBD = {
						CreatedOnToolsVersion = 9.2;
						ProvisioningStyle = Automatic;
					};
				};
			};
			buildConfigurationList = 156952B320C50ED300FA5EBD /* Build configuration list for PBXProject "Kindle" */;
			compatibilityVersion = "Xcode 8.0";
			developmentRegion = en;
			hasScannedForEncodings = 0;
			knownRegions = (
				en,
				Base,
			);
			mainGroup = 156952AF20C50ED300FA5EBD;
			productRefGroup = 156952B920C50ED300FA5EBD /* Products */;
			projectDirPath = "";
			projectRoot = "";
			targets = (
				156952B720C50ED300FA5EBD /* Kindle */,
			);
		};
/* End PBXProject section */

/* Begin PBXResourcesBuildPhase section */
		156952B620C50ED300FA5EBD /* Resources */ = {
			isa = PBXResourcesBuildPhase;
			buildActionMask = 2147483647;
			files = (
				156952C620C50ED300FA5EBD /* LaunchScreen.storyboard in Resources */,
				156952C320C50ED300FA5EBD /* Assets.xcassets in Resources */,
			);
			runOnlyForDeploymentPostprocessing = 0;
		};
/* End PBXResourcesBuildPhase section */

/* Begin PBXSourcesBuildPhase section */
		156952B420C50ED300FA5EBD /* Sources */ = {
			isa = PBXSourcesBuildPhase;
			buildActionMask = 2147483647;
			files = (
				156952D020C5E36900FA5EBD /* BookCell.swift in Sources */,
				156952D220C62D0900FA5EBD /* BookPagerController.swift in Sources */,
				156952D420C8697F00FA5EBD /* PageCell.swift in Sources */,
				156952CE20C5AA0F00FA5EBD /* Model.swift in Sources */,
				156952BE20C50ED300FA5EBD /* ViewController.swift in Sources */,
				156952BC20C50ED300FA5EBD /* AppDelegate.swift in Sources */,
			);
			runOnlyForDeploymentPostprocessing = 0;
		};
/* End PBXSourcesBuildPhase section */

/* Begin PBXVariantGroup section */
		156952C420C50ED300FA5EBD /* LaunchScreen.storyboard */ = {
			isa = PBXVariantGroup;
			children = (
				156952C520C50ED300FA5EBD /* Base */,
			);
			name = LaunchScreen.storyboard;
			sourceTree = "<group>";
		};
/* End PBXVariantGroup section */

/* Begin XCBuildConfiguration section */
		156952C820C50ED300FA5EBD /* Debug */ = {
			isa = XCBuildConfiguration;
			buildSettings = {
				ALWAYS_SEARCH_USER_PATHS = NO;
				CLANG_ANALYZER_NONNULL = YES;
				CLANG_ANALYZER_NUMBER_OBJECT_CONVERSION = YES_AGGRESSIVE;
				CLANG_CXX_LANGUAGE_STANDARD = "gnu++14";
				CLANG_CXX_LIBRARY = "libc++";
				CLANG_ENABLE_MODULES = YES;
				CLANG_ENABLE_OBJC_ARC = YES;
				CLANG_WARN_BLOCK_CAPTURE_AUTORELEASING = YES;
				CLANG_WARN_BOOL_CONVERSION = YES;
				CLANG_WARN_COMMA = YES;
				CLANG_WARN_CONSTANT_CONVERSION = YES;
				CLANG_WARN_DIRECT_OBJC_ISA_USAGE = YES_ERROR;
				CLANG_WARN_DOCUMENTATION_COMMENTS = YES;
				CLANG_WARN_EMPTY_BODY = YES;
				CLANG_WARN_ENUM_CONVERSION = YES;
				CLANG_WARN_INFINITE_RECURSION = YES;
				CLANG_WARN_INT_CONVERSION = YES;
				CLANG_WARN_NON_LITERAL_NULL_CONVERSION = YES;
				CLANG_WARN_OBJC_LITERAL_CONVERSION = YES;
				CLANG_WARN_OBJC_ROOT_CLASS = YES_ERROR;
				CLANG_WARN_RANGE_LOOP_ANALYSIS = YES;
				CLANG_WARN_STRICT_PROTOTYPES = YES;
				CLANG_WARN_SUSPICIOUS_MOVE = YES;
				CLANG_WARN_UNGUARDED_AVAILABILITY = YES_AGGRESSIVE;
				CLANG_WARN_UNREACHABLE_CODE = YES;
				CLANG_WARN__DUPLICATE_METHOD_MATCH = YES;
				CODE_SIGN_IDENTITY = "iPhone Developer";
				COPY_PHASE_STRIP = NO;
				DEBUG_INFORMATION_FORMAT = dwarf;
				ENABLE_STRICT_OBJC_MSGSEND = YES;
				ENABLE_TESTABILITY = YES;
				GCC_C_LANGUAGE_STANDARD = gnu11;
				GCC_DYNAMIC_NO_PIC = NO;
				GCC_NO_COMMON_BLOCKS = YES;
				GCC_OPTIMIZATION_LEVEL = 0;
				GCC_PREPROCESSOR_DEFINITIONS = (
					"DEBUG=1",
					"$(inherited)",
				);
				GCC_WARN_64_TO_32_BIT_CONVERSION = YES;
				GCC_WARN_ABOUT_RETURN_TYPE = YES_ERROR;
				GCC_WARN_UNDECLARED_SELECTOR = YES;
				GCC_WARN_UNINITIALIZED_AUTOS = YES_AGGRESSIVE;
				GCC_WARN_UNUSED_FUNCTION = YES;
				GCC_WARN_UNUSED_VARIABLE = YES;
				IPHONEOS_DEPLOYMENT_TARGET = 11.2;
				MTL_ENABLE_DEBUG_INFO = YES;
				ONLY_ACTIVE_ARCH = YES;
				SDKROOT = iphoneos;
				SWIFT_ACTIVE_COMPILATION_CONDITIONS = DEBUG;
				SWIFT_OPTIMIZATION_LEVEL = "-Onone";
			};
			name = Debug;
		};
		156952C920C50ED300FA5EBD /* Release */ = {
			isa = XCBuildConfiguration;
			buildSettings = {
				ALWAYS_SEARCH_USER_PATHS = NO;
				CLANG_ANALYZER_NONNULL = YES;
				CLANG_ANALYZER_NUMBER_OBJECT_CONVERSION = YES_AGGRESSIVE;
				CLANG_CXX_LANGUAGE_STANDARD = "gnu++14";
				CLANG_CXX_LIBRARY = "libc++";
				CLANG_ENABLE_MODULES = YES;
				CLANG_ENABLE_OBJC_ARC = YES;
				CLANG_WARN_BLOCK_CAPTURE_AUTORELEASING = YES;
				CLANG_WARN_BOOL_CONVERSION = YES;
				CLANG_WARN_COMMA = YES;
				CLANG_WARN_CONSTANT_CONVERSION = YES;
				CLANG_WARN_DIRECT_OBJC_ISA_USAGE = YES_ERROR;
				CLANG_WARN_DOCUMENTATION_COMMENTS = YES;
				CLANG_WARN_EMPTY_BODY = YES;
				CLANG_WARN_ENUM_CONVERSION = YES;
				CLANG_WARN_INFINITE_RECURSION = YES;
				CLANG_WARN_INT_CONVERSION = YES;
				CLANG_WARN_NON_LITERAL_NULL_CONVERSION = YES;
				CLANG_WARN_OBJC_LITERAL_CONVERSION = YES;
				CLANG_WARN_OBJC_ROOT_CLASS = YES_ERROR;
				CLANG_WARN_RANGE_LOOP_ANALYSIS = YES;
				CLANG_WARN_STRICT_PROTOTYPES = YES;
				CLANG_WARN_SUSPICIOUS_MOVE = YES;
				CLANG_WARN_UNGUARDED_AVAILABILITY = YES_AGGRESSIVE;
				CLANG_WARN_UNREACHABLE_CODE = YES;
				CLANG_WARN__DUPLICATE_METHOD_MATCH = YES;
				CODE_SIGN_IDENTITY = "iPhone Developer";
				COPY_PHASE_STRIP = NO;
				DEBUG_INFORMATION_FORMAT = "dwarf-with-dsym";
				ENABLE_NS_ASSERTIONS = NO;
				ENABLE_STRICT_OBJC_MSGSEND = YES;
				GCC_C_LANGUAGE_STANDARD = gnu11;
				GCC_NO_COMMON_BLOCKS = YES;
				GCC_WARN_64_TO_32_BIT_CONVERSION = YES;
				GCC_WARN_ABOUT_RETURN_TYPE = YES_ERROR;
				GCC_WARN_UNDECLARED_SELECTOR = YES;
				GCC_WARN_UNINITIALIZED_AUTOS = YES_AGGRESSIVE;
				GCC_WARN_UNUSED_FUNCTION = YES;
				GCC_WARN_UNUSED_VARIABLE = YES;
				IPHONEOS_DEPLOYMENT_TARGET = 11.2;
				MTL_ENABLE_DEBUG_INFO = NO;
				SDKROOT = iphoneos;
				SWIFT_OPTIMIZATION_LEVEL = "-Owholemodule";
				VALIDATE_PRODUCT = YES;
			};
			name = Release;
		};
		156952CB20C50ED300FA5EBD /* Debug */ = {
			isa = XCBuildConfiguration;
			buildSettings = {
				ASSETCATALOG_COMPILER_APPICON_NAME = AppIcon;
				CODE_SIGN_STYLE = Automatic;
				INFOPLIST_FILE = Kindle/Info.plist;
				LD_RUNPATH_SEARCH_PATHS = "$(inherited) @executable_path/Frameworks";
				PRODUCT_BUNDLE_IDENTIFIER = com.project.Kindle;
				PRODUCT_NAME = "$(TARGET_NAME)";
				SWIFT_VERSION = 4.0;
				TARGETED_DEVICE_FAMILY = "1,2";
			};
			name = Debug;
		};
		156952CC20C50ED300FA5EBD /* Release */ = {
			isa = XCBuildConfiguration;
			buildSettings = {
				ASSETCATALOG_COMPILER_APPICON_NAME = AppIcon;
				CODE_SIGN_STYLE = Automatic;
				INFOPLIST_FILE = Kindle/Info.plist;
				LD_RUNPATH_SEARCH_PATHS = "$(inherited) @executable_path/Frameworks";
				PRODUCT_BUNDLE_IDENTIFIER = com.project.Kindle;
				PRODUCT_NAME = "$(TARGET_NAME)";
				SWIFT_VERSION = 4.0;
				TARGETED_DEVICE_FAMILY = "1,2";
			};
			name = Release;
		};
/* End XCBuildConfiguration section */

/* Begin XCConfigurationList section */
		156952B320C50ED300FA5EBD /* Build configuration list for PBXProject "Kindle" */ = {
			isa = XCConfigurationList;
			buildConfigurations = (
				156952C820C50ED300FA5EBD /* Debug */,
				156952C920C50ED300FA5EBD /* Release */,
			);
			defaultConfigurationIsVisible = 0;
			defaultConfigurationName = Release;
		};
		156952CA20C50ED300FA5EBD /* Build configuration list for PBXNativeTarget "Kindle" */ = {
			isa = XCConfigurationList;
			buildConfigurations = (
				156952CB20C50ED300FA5EBD /* Debug */,
				156952CC20C50ED300FA5EBD /* Release */,
			);
			defaultConfigurationIsVisible = 0;
			defaultConfigurationName = Release;
		};
/* End XCConfigurationList section */
	};
	rootObject = 156952B020C50ED300FA5EBD /* Project object */;
}
